// !$*UTF8*$!
{
	archiveVersion = 1;
	classes = {
	};
	objectVersion = 55;
	objects = {

/* Begin PBXBuildFile section */
		1C2081C2285A6A0500F717BD /* RedLabelTableViewCell.swift in Sources */ = {isa = PBXBuildFile; fileRef = 1C2081C1285A6A0500F717BD /* RedLabelTableViewCell.swift */; };
		1C40CD062856129E00585032 /* AppDelegate.swift in Sources */ = {isa = PBXBuildFile; fileRef = 1C40CD052856129E00585032 /* AppDelegate.swift */; };
		1C40CD082856129E00585032 /* SceneDelegate.swift in Sources */ = {isa = PBXBuildFile; fileRef = 1C40CD072856129E00585032 /* SceneDelegate.swift */; };
		1C40CD0A2856129E00585032 /* ViewController.swift in Sources */ = {isa = PBXBuildFile; fileRef = 1C40CD092856129E00585032 /* ViewController.swift */; };
		1C40CD0D2856129E00585032 /* Main.storyboard in Resources */ = {isa = PBXBuildFile; fileRef = 1C40CD0B2856129E00585032 /* Main.storyboard */; };
		1C40CD0F2856129F00585032 /* Assets.xcassets in Resources */ = {isa = PBXBuildFile; fileRef = 1C40CD0E2856129F00585032 /* Assets.xcassets */; };
		1C40CD122856129F00585032 /* LaunchScreen.storyboard in Resources */ = {isa = PBXBuildFile; fileRef = 1C40CD102856129F00585032 /* LaunchScreen.storyboard */; };
		1C40CD1A28561C6700585032 /* SettingTableViewCell.swift in Sources */ = {isa = PBXBuildFile; fileRef = 1C40CD1928561C6700585032 /* SettingTableViewCell.swift */; };
		1C40CD1C2856459300585032 /* SwitchTableViewCell.swift in Sources */ = {isa = PBXBuildFile; fileRef = 1C40CD1B2856459300585032 /* SwitchTableViewCell.swift */; };
		1C40CD20285A130F00585032 /* GreyLabelTableViewCell.swift in Sources */ = {isa = PBXBuildFile; fileRef = 1C40CD1F285A130F00585032 /* GreyLabelTableViewCell.swift */; };
/* End PBXBuildFile section */

/* Begin PBXFileReference section */
		1C2081C1285A6A0500F717BD /* RedLabelTableViewCell.swift */ = {isa = PBXFileReference; lastKnownFileType = sourcecode.swift; path = RedLabelTableViewCell.swift; sourceTree = "<group>"; };
		1C40CD022856129E00585032 /* Settings screen TableView.app */ = {isa = PBXFileReference; explicitFileType = wrapper.application; includeInIndex = 0; path = "Settings screen TableView.app"; sourceTree = BUILT_PRODUCTS_DIR; };
		1C40CD052856129E00585032 /* AppDelegate.swift */ = {isa = PBXFileReference; lastKnownFileType = sourcecode.swift; path = AppDelegate.swift; sourceTree = "<group>"; };
		1C40CD072856129E00585032 /* SceneDelegate.swift */ = {isa = PBXFileReference; lastKnownFileType = sourcecode.swift; path = SceneDelegate.swift; sourceTree = "<group>"; };
		1C40CD092856129E00585032 /* ViewController.swift */ = {isa = PBXFileReference; lastKnownFileType = sourcecode.swift; path = ViewController.swift; sourceTree = "<group>"; };
		1C40CD0C2856129E00585032 /* Base */ = {isa = PBXFileReference; lastKnownFileType = file.storyboard; name = Base; path = Base.lproj/Main.storyboard; sourceTree = "<group>"; };
		1C40CD0E2856129F00585032 /* Assets.xcassets */ = {isa = PBXFileReference; lastKnownFileType = folder.assetcatalog; path = Assets.xcassets; sourceTree = "<group>"; };
		1C40CD112856129F00585032 /* Base */ = {isa = PBXFileReference; lastKnownFileType = file.storyboard; name = Base; path = Base.lproj/LaunchScreen.storyboard; sourceTree = "<group>"; };
		1C40CD132856129F00585032 /* Info.plist */ = {isa = PBXFileReference; lastKnownFileType = text.plist.xml; path = Info.plist; sourceTree = "<group>"; };
		1C40CD1928561C6700585032 /* SettingTableViewCell.swift */ = {isa = PBXFileReference; lastKnownFileType = sourcecode.swift; path = SettingTableViewCell.swift; sourceTree = "<group>"; };
		1C40CD1B2856459300585032 /* SwitchTableViewCell.swift */ = {isa = PBXFileReference; lastKnownFileType = sourcecode.swift; path = SwitchTableViewCell.swift; sourceTree = "<group>"; };
		1C40CD1F285A130F00585032 /* GreyLabelTableViewCell.swift */ = {isa = PBXFileReference; lastKnownFileType = sourcecode.swift; path = GreyLabelTableViewCell.swift; sourceTree = "<group>"; };
/* End PBXFileReference section */

/* Begin PBXFrameworksBuildPhase section */
		1C40CCFF2856129E00585032 /* Frameworks */ = {
			isa = PBXFrameworksBuildPhase;
			buildActionMask = 2147483647;
			files = (
			);
			runOnlyForDeploymentPostprocessing = 0;
		};
/* End PBXFrameworksBuildPhase section */

/* Begin PBXGroup section */
		1C2081C4285BCC1C00F717BD /* App */ = {
			isa = PBXGroup;
			children = (
				1C40CD072856129E00585032 /* SceneDelegate.swift */,
				1C40CD052856129E00585032 /* AppDelegate.swift */,
			);
			path = App;
			sourceTree = "<group>";
		};
		1C2081C6285BCC9D00F717BD /* ViewControllers */ = {
			isa = PBXGroup;
			children = (
				1C40CD092856129E00585032 /* ViewController.swift */,
			);
			path = ViewControllers;
			sourceTree = "<group>";
		};
		1C2081C7285BCCD700F717BD /* Cells */ = {
			isa = PBXGroup;
			children = (
				1C40CD1928561C6700585032 /* SettingTableViewCell.swift */,
				1C40CD1B2856459300585032 /* SwitchTableViewCell.swift */,
				1C40CD1F285A130F00585032 /* GreyLabelTableViewCell.swift */,
				1C2081C1285A6A0500F717BD /* RedLabelTableViewCell.swift */,
			);
			path = Cells;
			sourceTree = "<group>";
		};
		1C2081C8285BCD0600F717BD /* Resourse */ = {
			isa = PBXGroup;
			children = (
				1C40CD132856129F00585032 /* Info.plist */,
				1C2081C9285BCD2600F717BD /* StoryBoards */,
			);
			path = Resourse;
			sourceTree = "<group>";
		};
		1C2081C9285BCD2600F717BD /* StoryBoards */ = {
			isa = PBXGroup;
			children = (
				1C40CD0B2856129E00585032 /* Main.storyboard */,
				1C40CD102856129F00585032 /* LaunchScreen.storyboard */,
			);
			path = StoryBoards;
			sourceTree = "<group>";
		};
		1C40CCF92856129E00585032 = {
			isa = PBXGroup;
			children = (
				1C40CD0E2856129F00585032 /* Assets.xcassets */,
				1C40CD042856129E00585032 /* Settings screen TableView */,
				1C40CD032856129E00585032 /* Products */,
			);
			sourceTree = "<group>";
		};
		1C40CD032856129E00585032 /* Products */ = {
			isa = PBXGroup;
			children = (
				1C40CD022856129E00585032 /* Settings screen TableView.app */,
			);
			name = Products;
			sourceTree = "<group>";
		};
		1C40CD042856129E00585032 /* Settings screen TableView */ = {
			isa = PBXGroup;
			children = (
				1C2081C4285BCC1C00F717BD /* App */,
				1C2081C6285BCC9D00F717BD /* ViewControllers */,
				1C2081C7285BCCD700F717BD /* Cells */,
				1C2081C8285BCD0600F717BD /* Resourse */,
			);
			path = "Settings screen TableView";
			sourceTree = "<group>";
		};
/* End PBXGroup section */

/* Begin PBXNativeTarget section */
		1C40CD012856129E00585032 /* Settings screen TableView */ = {
			isa = PBXNativeTarget;
			buildConfigurationList = 1C40CD162856129F00585032 /* Build configuration list for PBXNativeTarget "Settings screen TableView" */;
			buildPhases = (
				1C40CCFE2856129E00585032 /* Sources */,
				1C40CCFF2856129E00585032 /* Frameworks */,
				1C40CD002856129E00585032 /* Resources */,
			);
			buildRules = (
			);
			dependencies = (
			);
			name = "Settings screen TableView";
			productName = "Settings screen TableView";
			productReference = 1C40CD022856129E00585032 /* Settings screen TableView.app */;
			productType = "com.apple.product-type.application";
		};
/* End PBXNativeTarget section */

/* Begin PBXProject section */
		1C40CCFA2856129E00585032 /* Project object */ = {
			isa = PBXProject;
			attributes = {
				BuildIndependentTargetsInParallel = 1;
				LastSwiftUpdateCheck = 1340;
				LastUpgradeCheck = 1340;
				TargetAttributes = {
					1C40CD012856129E00585032 = {
						CreatedOnToolsVersion = 13.4.1;
					};
				};
			};
			buildConfigurationList = 1C40CCFD2856129E00585032 /* Build configuration list for PBXProject "Settings screen TableView" */;
			compatibilityVersion = "Xcode 13.0";
			developmentRegion = en;
			hasScannedForEncodings = 0;
			knownRegions = (
				en,
				Base,
			);
			mainGroup = 1C40CCF92856129E00585032;
			productRefGroup = 1C40CD032856129E00585032 /* Products */;
			projectDirPath = "";
			projectRoot = "";
			targets = (
				1C40CD012856129E00585032 /* Settings screen TableView */,
			);
		};
/* End PBXProject section */

/* Begin PBXResourcesBuildPhase section */
		1C40CD002856129E00585032 /* Resources */ = {
			isa = PBXResourcesBuildPhase;
			buildActionMask = 2147483647;
			files = (
				1C40CD122856129F00585032 /* LaunchScreen.storyboard in Resources */,
				1C40CD0F2856129F00585032 /* Assets.xcassets in Resources */,
				1C40CD0D2856129E00585032 /* Main.storyboard in Resources */,
			);
			runOnlyForDeploymentPostprocessing = 0;
		};
/* End PBXResourcesBuildPhase section */

/* Begin PBXSourcesBuildPhase section */
		1C40CCFE2856129E00585032 /* Sources */ = {
			isa = PBXSourcesBuildPhase;
			buildActionMask = 2147483647;
			files = (
				1C40CD20285A130F00585032 /* GreyLabelTableViewCell.swift in Sources */,
				1C40CD0A2856129E00585032 /* ViewController.swift in Sources */,
				1C2081C2285A6A0500F717BD /* RedLabelTableViewCell.swift in Sources */,
				1C40CD062856129E00585032 /* AppDelegate.swift in Sources */,
				1C40CD1C2856459300585032 /* SwitchTableViewCell.swift in Sources */,
				1C40CD1A28561C6700585032 /* SettingTableViewCell.swift in Sources */,
				1C40CD082856129E00585032 /* SceneDelegate.swift in Sources */,
			);
			runOnlyForDeploymentPostprocessing = 0;
		};
/* End PBXSourcesBuildPhase section */

/* Begin PBXVariantGroup section */
		1C40CD0B2856129E00585032 /* Main.storyboard */ = {
			isa = PBXVariantGroup;
			children = (
				1C40CD0C2856129E00585032 /* Base */,
			);
			name = Main.storyboard;
			sourceTree = "<group>";
		};
		1C40CD102856129F00585032 /* LaunchScreen.storyboard */ = {
			isa = PBXVariantGroup;
			children = (
				1C40CD112856129F00585032 /* Base */,
			);
			name = LaunchScreen.storyboard;
			sourceTree = "<group>";
		};
/* End PBXVariantGroup section */

/* Begin XCBuildConfiguration section */
		1C40CD142856129F00585032 /* Debug */ = {
			isa = XCBuildConfiguration;
			buildSettings = {
				ALWAYS_SEARCH_USER_PATHS = NO;
				CLANG_ANALYZER_NONNULL = YES;
				CLANG_ANALYZER_NUMBER_OBJECT_CONVERSION = YES_AGGRESSIVE;
				CLANG_CXX_LANGUAGE_STANDARD = "gnu++17";
				CLANG_ENABLE_MODULES = YES;
				CLANG_ENABLE_OBJC_ARC = YES;
				CLANG_ENABLE_OBJC_WEAK = YES;
				CLANG_WARN_BLOCK_CAPTURE_AUTORELEASING = YES;
				CLANG_WARN_BOOL_CONVERSION = YES;
				CLANG_WARN_COMMA = YES;
				CLANG_WARN_CONSTANT_CONVERSION = YES;
				CLANG_WARN_DEPRECATED_OBJC_IMPLEMENTATIONS = YES;
				CLANG_WARN_DIRECT_OBJC_ISA_USAGE = YES_ERROR;
				CLANG_WARN_DOCUMENTATION_COMMENTS = YES;
				CLANG_WARN_EMPTY_BODY = YES;
				CLANG_WARN_ENUM_CONVERSION = YES;
				CLANG_WARN_INFINITE_RECURSION = YES;
				CLANG_WARN_INT_CONVERSION = YES;
				CLANG_WARN_NON_LITERAL_NULL_CONVERSION = YES;
				CLANG_WARN_OBJC_IMPLICIT_RETAIN_SELF = YES;
				CLANG_WARN_OBJC_LITERAL_CONVERSION = YES;
				CLANG_WARN_OBJC_ROOT_CLASS = YES_ERROR;
				CLANG_WARN_QUOTED_INCLUDE_IN_FRAMEWORK_HEADER = YES;
				CLANG_WARN_RANGE_LOOP_ANALYSIS = YES;
				CLANG_WARN_STRICT_PROTOTYPES = YES;
				CLANG_WARN_SUSPICIOUS_MOVE = YES;
				CLANG_WARN_UNGUARDED_AVAILABILITY = YES_AGGRESSIVE;
				CLANG_WARN_UNREACHABLE_CODE = YES;
				CLANG_WARN__DUPLICATE_METHOD_MATCH = YES;
				COPY_PHASE_STRIP = NO;
				DEBUG_INFORMATION_FORMAT = dwarf;
				ENABLE_STRICT_OBJC_MSGSEND = YES;
				ENABLE_TESTABILITY = YES;
				GCC_C_LANGUAGE_STANDARD = gnu11;
				GCC_DYNAMIC_NO_PIC = NO;
				GCC_NO_COMMON_BLOCKS = YES;
				GCC_OPTIMIZATION_LEVEL = 0;
				GCC_PREPROCESSOR_DEFINITIONS = (
					"DEBUG=1",
					"$(inherited)",
				);
				GCC_WARN_64_TO_32_BIT_CONVERSION = YES;
				GCC_WARN_ABOUT_RETURN_TYPE = YES_ERROR;
				GCC_WARN_UNDECLARED_SELECTOR = YES;
				GCC_WARN_UNINITIALIZED_AUTOS = YES_AGGRESSIVE;
				GCC_WARN_UNUSED_FUNCTION = YES;
				GCC_WARN_UNUSED_VARIABLE = YES;
				IPHONEOS_DEPLOYMENT_TARGET = 15.5;
				MTL_ENABLE_DEBUG_INFO = INCLUDE_SOURCE;
				MTL_FAST_MATH = YES;
				ONLY_ACTIVE_ARCH = YES;
				SDKROOT = iphoneos;
				SWIFT_ACTIVE_COMPILATION_CONDITIONS = DEBUG;
				SWIFT_OPTIMIZATION_LEVEL = "-Onone";
			};
			name = Debug;
		};
		1C40CD152856129F00585032 /* Release */ = {
			isa = XCBuildConfiguration;
			buildSettings = {
				ALWAYS_SEARCH_USER_PATHS = NO;
				CLANG_ANALYZER_NONNULL = YES;
				CLANG_ANALYZER_NUMBER_OBJECT_CONVERSION = YES_AGGRESSIVE;
				CLANG_CXX_LANGUAGE_STANDARD = "gnu++17";
				CLANG_ENABLE_MODULES = YES;
				CLANG_ENABLE_OBJC_ARC = YES;
				CLANG_ENABLE_OBJC_WEAK = YES;
				CLANG_WARN_BLOCK_CAPTURE_AUTORELEASING = YES;
				CLANG_WARN_BOOL_CONVERSION = YES;
				CLANG_WARN_COMMA = YES;
				CLANG_WARN_CONSTANT_CONVERSION = YES;
				CLANG_WARN_DEPRECATED_OBJC_IMPLEMENTATIONS = YES;
				CLANG_WARN_DIRECT_OBJC_ISA_USAGE = YES_ERROR;
				CLANG_WARN_DOCUMENTATION_COMMENTS = YES;
				CLANG_WARN_EMPTY_BODY = YES;
				CLANG_WARN_ENUM_CONVERSION = YES;
				CLANG_WARN_INFINITE_RECURSION = YES;
				CLANG_WARN_INT_CONVERSION = YES;
				CLANG_WARN_NON_LITERAL_NULL_CONVERSION = YES;
				CLANG_WARN_OBJC_IMPLICIT_RETAIN_SELF = YES;
				CLANG_WARN_OBJC_LITERAL_CONVERSION = YES;
				CLANG_WARN_OBJC_ROOT_CLASS = YES_ERROR;
				CLANG_WARN_QUOTED_INCLUDE_IN_FRAMEWORK_HEADER = YES;
				CLANG_WARN_RANGE_LOOP_ANALYSIS = YES;
				CLANG_WARN_STRICT_PROTOTYPES = YES;
				CLANG_WARN_SUSPICIOUS_MOVE = YES;
				CLANG_WARN_UNGUARDED_AVAILABILITY = YES_AGGRESSIVE;
				CLANG_WARN_UNREACHABLE_CODE = YES;
				CLANG_WARN__DUPLICATE_METHOD_MATCH = YES;
				COPY_PHASE_STRIP = NO;
				DEBUG_INFORMATION_FORMAT = "dwarf-with-dsym";
				ENABLE_NS_ASSERTIONS = NO;
				ENABLE_STRICT_OBJC_MSGSEND = YES;
				GCC_C_LANGUAGE_STANDARD = gnu11;
				GCC_NO_COMMON_BLOCKS = YES;
				GCC_WARN_64_TO_32_BIT_CONVERSION = YES;
				GCC_WARN_ABOUT_RETURN_TYPE = YES_ERROR;
				GCC_WARN_UNDECLARED_SELECTOR = YES;
				GCC_WARN_UNINITIALIZED_AUTOS = YES_AGGRESSIVE;
				GCC_WARN_UNUSED_FUNCTION = YES;
				GCC_WARN_UNUSED_VARIABLE = YES;
				IPHONEOS_DEPLOYMENT_TARGET = 15.5;
				MTL_ENABLE_DEBUG_INFO = NO;
				MTL_FAST_MATH = YES;
				SDKROOT = iphoneos;
				SWIFT_COMPILATION_MODE = wholemodule;
				SWIFT_OPTIMIZATION_LEVEL = "-O";
				VALIDATE_PRODUCT = YES;
			};
			name = Release;
		};
		1C40CD172856129F00585032 /* Debug */ = {
			isa = XCBuildConfiguration;
			buildSettings = {
				ASSETCATALOG_COMPILER_APPICON_NAME = AppIcon;
				ASSETCATALOG_COMPILER_GLOBAL_ACCENT_COLOR_NAME = AccentColor;
				CODE_SIGN_STYLE = Automatic;
				CURRENT_PROJECT_VERSION = 1;
				DEVELOPMENT_TEAM = JT42GL2HMN;
				GENERATE_INFOPLIST_FILE = YES;
				INFOPLIST_FILE = "Settings screen TableView/Info.plist";
				INFOPLIST_KEY_UIApplicationSupportsIndirectInputEvents = YES;
				INFOPLIST_KEY_UILaunchStoryboardName = LaunchScreen;
				INFOPLIST_KEY_UIMainStoryboardFile = Main;
				INFOPLIST_KEY_UISupportedInterfaceOrientations_iPad = "UIInterfaceOrientationPortrait UIInterfaceOrientationPortraitUpsideDown UIInterfaceOrientationLandscapeLeft UIInterfaceOrientationLandscapeRight";
				INFOPLIST_KEY_UISupportedInterfaceOrientations_iPhone = "UIInterfaceOrientationPortrait UIInterfaceOrientationLandscapeLeft UIInterfaceOrientationLandscapeRight";
				LD_RUNPATH_SEARCH_PATHS = (
					"$(inherited)",
					"@executable_path/Frameworks",
				);
				MARKETING_VERSION = 1.0;
				PRODUCT_BUNDLE_IDENTIFIER = "-.Settings-screen-TableView";
				PRODUCT_NAME = "$(TARGET_NAME)";
				SWIFT_EMIT_LOC_STRINGS = YES;
				SWIFT_VERSION = 5.0;
				TARGETED_DEVICE_FAMILY = "1,2";
			};
			name = Debug;
		};
		1C40CD182856129F00585032 /* Release */ = {
			isa = XCBuildConfiguration;
			buildSettings = {
				ASSETCATALOG_COMPILER_APPICON_NAME = AppIcon;
				ASSETCATALOG_COMPILER_GLOBAL_ACCENT_COLOR_NAME = AccentColor;
				CODE_SIGN_STYLE = Automatic;
				CURRENT_PROJECT_VERSION = 1;
				DEVELOPMENT_TEAM = JT42GL2HMN;
				GENERATE_INFOPLIST_FILE = YES;
				INFOPLIST_FILE = "Settings screen TableView/Info.plist";
				INFOPLIST_KEY_UIApplicationSupportsIndirectInputEvents = YES;
				INFOPLIST_KEY_UILaunchStoryboardName = LaunchScreen;
				INFOPLIST_KEY_UIMainStoryboardFile = Main;
				INFOPLIST_KEY_UISupportedInterfaceOrientations_iPad = "UIInterfaceOrientationPortrait UIInterfaceOrientationPortraitUpsideDown UIInterfaceOrientationLandscapeLeft UIInterfaceOrientationLandscapeRight";
				INFOPLIST_KEY_UISupportedInterfaceOrientations_iPhone = "UIInterfaceOrientationPortrait UIInterfaceOrientationLandscapeLeft UIInterfaceOrientationLandscapeRight";
				LD_RUNPATH_SEARCH_PATHS = (
					"$(inherited)",
					"@executable_path/Frameworks",
				);
				MARKETING_VERSION = 1.0;
				PRODUCT_BUNDLE_IDENTIFIER = "-.Settings-screen-TableView";
				PRODUCT_NAME = "$(TARGET_NAME)";
				SWIFT_EMIT_LOC_STRINGS = YES;
				SWIFT_VERSION = 5.0;
				TARGETED_DEVICE_FAMILY = "1,2";
			};
			name = Release;
		};
/* End XCBuildConfiguration section */

/* Begin XCConfigurationList section */
		1C40CCFD2856129E00585032 /* Build configuration list for PBXProject "Settings screen TableView" */ = {
			isa = XCConfigurationList;
			buildConfigurations = (
				1C40CD142856129F00585032 /* Debug */,
				1C40CD152856129F00585032 /* Release */,
			);
			defaultConfigurationIsVisible = 0;
			defaultConfigurationName = Release;
		};
		1C40CD162856129F00585032 /* Build configuration list for PBXNativeTarget "Settings screen TableView" */ = {
			isa = XCConfigurationList;
			buildConfigurations = (
				1C40CD172856129F00585032 /* Debug */,
				1C40CD182856129F00585032 /* Release */,
			);
			defaultConfigurationIsVisible = 0;
			defaultConfigurationName = Release;
		};
/* End XCConfigurationList section */
	};
	rootObject = 1C40CCFA2856129E00585032 /* Project object */;
}
